
Microsoft Visual Studio Solution File, Format Version 12.00
# Visual Studio Version 17
VisualStudioVersion = 17.5.002.0
MinimumVisualStudioVersion = 10.0.40219.1
Project("{2150E333-8FDC-42A3-9474-1A3956D46DE8}") = "Reproducbility", "Reproducbility", "{EDB455FD-71D2-4DDA-93B0-C55F762A4620}"
EndProject
Project("{9A19103F-16F7-4668-BE54-9A1E7A4F7556}") = "ConsoleApp", "Reproducbility\ConsoleApp\ConsoleApp.csproj", "{3B9FDAC3-6048-4D97-A767-E2ABB8DAE784}"
EndProject
Project("{9A19103F-16F7-4668-BE54-9A1E7A4F7556}") = "ConsoleApp (1)", "Reproducbility\ConsoleApp2\ConsoleApp.csproj", "{68314DF5-DF53-4A0B-8253-E7F60EAC7DB2}"
EndProject
Global
	GlobalSection(SolutionConfigurationPlatforms) = preSolution
		Debug|Any CPU = Debug|Any CPU
		Release|Any CPU = Release|Any CPU
	EndGlobalSection
	GlobalSection(ProjectConfigurationPlatforms) = postSolution
		{3B9FDAC3-6048-4D97-A767-E2ABB8DAE784}.Debug|Any CPU.ActiveCfg = Debug|Any CPU
		{3B9FDAC3-6048-4D97-A767-E2ABB8DAE784}.Debug|Any CPU.Build.0 = Debug|Any CPU
		{3B9FDAC3-6048-4D97-A767-E2ABB8DAE784}.Release|Any CPU.ActiveCfg = Release|Any CPU
		{3B9FDAC3-6048-4D97-A767-E2ABB8DAE784}.Release|Any CPU.Build.0 = Release|Any CPU
		{68314DF5-DF53-4A0B-8253-E7F60EAC7DB2}.Debug|Any CPU.ActiveCfg = Debug|Any CPU
		{68314DF5-DF53-4A0B-8253-E7F60EAC7DB2}.Debug|Any CPU.Build.0 = Debug|Any CPU
		{68314DF5-DF53-4A0B-8253-E7F60EAC7DB2}.Release|Any CPU.ActiveCfg = Release|Any CPU
		{68314DF5-DF53-4A0B-8253-E7F60EAC7DB2}.Release|Any CPU.Build.0 = Release|Any CPU
	EndGlobalSection
	GlobalSection(SolutionProperties) = preSolution
		HideSolutionNode = FALSE
	EndGlobalSection
	GlobalSection(NestedProjects) = preSolution
		{3B9FDAC3-6048-4D97-A767-E2ABB8DAE784} = {EDB455FD-71D2-4DDA-93B0-C55F762A4620}
		{68314DF5-DF53-4A0B-8253-E7F60EAC7DB2} = {EDB455FD-71D2-4DDA-93B0-C55F762A4620}
	EndGlobalSection
	GlobalSection(ExtensibilityGlobals) = postSolution
		SolutionGuid = {56606DBD-7F8B-4CEC-B22F-63D3642BB5E8}
	EndGlobalSection
EndGlobal
